
Microsoft Visual Studio Solution File, Format Version 12.00
Project("{FAE04EC0-301F-11D3-BF4B-00C04F79EFBC}") = "Nerine", "Nerine\Nerine.csproj", "{B6B048E6-B887-4531-9435-7CDCC2319CB3}"
EndProject
Project("{FAE04EC0-301F-11D3-BF4B-00C04F79EFBC}") = "Nerine.Tests", "Nerine.Tests\Nerine.Tests.csproj", "{440E63D6-6EF9-4A16-BE70-4A3625C11B42}"
EndProject
Global
	GlobalSection(SolutionConfigurationPlatforms) = preSolution
		Debug|Any CPU = Debug|Any CPU
		Release|Any CPU = Release|Any CPU
	EndGlobalSection
	GlobalSection(ProjectConfigurationPlatforms) = postSolution
		{B6B048E6-B887-4531-9435-7CDCC2319CB3}.Debug|Any CPU.ActiveCfg = Debug|Any CPU
		{B6B048E6-B887-4531-9435-7CDCC2319CB3}.Debug|Any CPU.Build.0 = Debug|Any CPU
		{B6B048E6-B887-4531-9435-7CDCC2319CB3}.Release|Any CPU.ActiveCfg = Release|Any CPU
		{B6B048E6-B887-4531-9435-7CDCC2319CB3}.Release|Any CPU.Build.0 = Release|Any CPU
		{440E63D6-6EF9-4A16-BE70-4A3625C11B42}.Debug|Any CPU.ActiveCfg = Debug|Any CPU
		{440E63D6-6EF9-4A16-BE70-4A3625C11B42}.Debug|Any CPU.Build.0 = Debug|Any CPU
		{440E63D6-6EF9-4A16-BE70-4A3625C11B42}.Release|Any CPU.ActiveCfg = Release|Any CPU
		{440E63D6-6EF9-4A16-BE70-4A3625C11B42}.Release|Any CPU.Build.0 = Release|Any CPU
	EndGlobalSection
EndGlobal
